
Microsoft Visual Studio Solution File, Format Version 12.00
# Visual Studio Version 16
VisualStudioVersion = 16.0.32630.194
MinimumVisualStudioVersion = 10.0.40219.1
Project("{FAE04EC0-301F-11D3-BF4B-00C04F79EFBC}") = "IntroArrays", "IntroArrays\IntroArrays.csproj", "{35AD84E2-3F66-471E-B480-87B7926F4A32}"
EndProject
Global
	GlobalSection(SolutionConfigurationPlatforms) = preSolution
		Debug|Any CPU = Debug|Any CPU
		Release|Any CPU = Release|Any CPU
	EndGlobalSection
	GlobalSection(ProjectConfigurationPlatforms) = postSolution
		{35AD84E2-3F66-471E-B480-87B7926F4A32}.Debug|Any CPU.ActiveCfg = Debug|Any CPU
		{35AD84E2-3F66-471E-B480-87B7926F4A32}.Debug|Any CPU.Build.0 = Debug|Any CPU
		{35AD84E2-3F66-471E-B480-87B7926F4A32}.Release|Any CPU.ActiveCfg = Release|Any CPU
		{35AD84E2-3F66-471E-B480-87B7926F4A32}.Release|Any CPU.Build.0 = Release|Any CPU
	EndGlobalSection
	GlobalSection(SolutionProperties) = preSolution
		HideSolutionNode = FALSE
	EndGlobalSection
	GlobalSection(ExtensibilityGlobals) = postSolution
		SolutionGuid = {F503D208-3096-4014-A7E0-D8791F5BACBA}
	EndGlobalSection
EndGlobal
